// !$*UTF8*$!
{
	archiveVersion = 1;
	classes = {
	};
	objectVersion = 46;
	objects = {

/* Begin PBXBuildFile section */
		DD0335F81CFBB4E1002F52B2 /* MapViewController.swift in Sources */ = {isa = PBXBuildFile; fileRef = DD0335F71CFBB4E1002F52B2 /* MapViewController.swift */; };
		DD0335FA1CFC0D2A002F52B2 /* StudentInformation.swift in Sources */ = {isa = PBXBuildFile; fileRef = DD0335F91CFC0D2A002F52B2 /* StudentInformation.swift */; };
		DD13E6E61D1B187500E686E9 /* ParseClient.swift in Sources */ = {isa = PBXBuildFile; fileRef = DD13E6E51D1B187500E686E9 /* ParseClient.swift */; };
		DD13E6E81D1B192800E686E9 /* ParseConstants.swift in Sources */ = {isa = PBXBuildFile; fileRef = DD13E6E71D1B192800E686E9 /* ParseConstants.swift */; };
		DD13E6EB1D1B1F2600E686E9 /* ParseConvinience.swift in Sources */ = {isa = PBXBuildFile; fileRef = DD13E6EA1D1B1F2600E686E9 /* ParseConvinience.swift */; };
		DD352E6C1D1615B7004CE258 /* AlertView.swift in Sources */ = {isa = PBXBuildFile; fileRef = DD352E6B1D1615B7004CE258 /* AlertView.swift */; };
		DD39B71D1D0BCA8D00659187 /* LocationFinderViewController.swift in Sources */ = {isa = PBXBuildFile; fileRef = DD39B71C1D0BCA8D00659187 /* LocationFinderViewController.swift */; };
		DD4809281D20E09900C552D0 /* Reachability.swift in Sources */ = {isa = PBXBuildFile; fileRef = DD4809271D20E09900C552D0 /* Reachability.swift */; };
		DD4D43E51CFCD4EE00FB03D4 /* Student.swift in Sources */ = {isa = PBXBuildFile; fileRef = DD4D43E41CFCD4EE00FB03D4 /* Student.swift */; };
		DD6588591D15378700682A58 /* ActivityIndicatorOverlay.swift in Sources */ = {isa = PBXBuildFile; fileRef = DD6588581D15378700682A58 /* ActivityIndicatorOverlay.swift */; };
		DDC8674F1D02821500238CB1 /* ListTableViewController.swift in Sources */ = {isa = PBXBuildFile; fileRef = DDC8674E1D02821500238CB1 /* ListTableViewController.swift */; };
		DDC867511D02843500238CB1 /* ListCustomCell.swift in Sources */ = {isa = PBXBuildFile; fileRef = DDC867501D02843500238CB1 /* ListCustomCell.swift */; };
		DDEEF2D21D1A3A11007039EC /* UdacityConvinience.swift in Sources */ = {isa = PBXBuildFile; fileRef = DDEEF2D11D1A3A11007039EC /* UdacityConvinience.swift */; };
		DDEEF2D41D1A3A21007039EC /* UdacityConstants.swift in Sources */ = {isa = PBXBuildFile; fileRef = DDEEF2D31D1A3A21007039EC /* UdacityConstants.swift */; };
		DDEEF2D71D1A4DAF007039EC /* UdacityClient.swift in Sources */ = {isa = PBXBuildFile; fileRef = DDEEF2D61D1A4DAF007039EC /* UdacityClient.swift */; };
		DDF517EC1CF9F87200432297 /* AppDelegate.swift in Sources */ = {isa = PBXBuildFile; fileRef = DDF517EB1CF9F87200432297 /* AppDelegate.swift */; };
		DDF517F11CF9F87200432297 /* Main.storyboard in Resources */ = {isa = PBXBuildFile; fileRef = DDF517EF1CF9F87200432297 /* Main.storyboard */; };
		DDF517F31CF9F87200432297 /* Assets.xcassets in Resources */ = {isa = PBXBuildFile; fileRef = DDF517F21CF9F87200432297 /* Assets.xcassets */; };
		DDF517F61CF9F87200432297 /* LaunchScreen.storyboard in Resources */ = {isa = PBXBuildFile; fileRef = DDF517F41CF9F87200432297 /* LaunchScreen.storyboard */; };
		DDF518011CF9F87200432297 /* OnTheMapTests.swift in Sources */ = {isa = PBXBuildFile; fileRef = DDF518001CF9F87200432297 /* OnTheMapTests.swift */; };
		DDF5180C1CF9F87200432297 /* OnTheMapUITests.swift in Sources */ = {isa = PBXBuildFile; fileRef = DDF5180B1CF9F87200432297 /* OnTheMapUITests.swift */; };
		DDFDB3B41CFAC43A00E99FC1 /* LoginViewController.swift in Sources */ = {isa = PBXBuildFile; fileRef = DDFDB3B31CFAC43A00E99FC1 /* LoginViewController.swift */; };
/* End PBXBuildFile section */

/* Begin PBXContainerItemProxy section */
		DDF517FD1CF9F87200432297 /* PBXContainerItemProxy */ = {
			isa = PBXContainerItemProxy;
			containerPortal = DDF517E01CF9F87200432297 /* Project object */;
			proxyType = 1;
			remoteGlobalIDString = DDF517E71CF9F87200432297;
			remoteInfo = OnTheMap;
		};
		DDF518081CF9F87200432297 /* PBXContainerItemProxy */ = {
			isa = PBXContainerItemProxy;
			containerPortal = DDF517E01CF9F87200432297 /* Project object */;
			proxyType = 1;
			remoteGlobalIDString = DDF517E71CF9F87200432297;
			remoteInfo = OnTheMap;
		};
/* End PBXContainerItemProxy section */

/* Begin PBXFileReference section */
		DD0335F71CFBB4E1002F52B2 /* MapViewController.swift */ = {isa = PBXFileReference; fileEncoding = 4; lastKnownFileType = sourcecode.swift; path = MapViewController.swift; sourceTree = "<group>"; };
		DD0335F91CFC0D2A002F52B2 /* StudentInformation.swift */ = {isa = PBXFileReference; fileEncoding = 4; lastKnownFileType = sourcecode.swift; path = StudentInformation.swift; sourceTree = "<group>"; };
		DD13E6E51D1B187500E686E9 /* ParseClient.swift */ = {isa = PBXFileReference; fileEncoding = 4; lastKnownFileType = sourcecode.swift; path = ParseClient.swift; sourceTree = "<group>"; };
		DD13E6E71D1B192800E686E9 /* ParseConstants.swift */ = {isa = PBXFileReference; fileEncoding = 4; lastKnownFileType = sourcecode.swift; path = ParseConstants.swift; sourceTree = "<group>"; };
		DD13E6EA1D1B1F2600E686E9 /* ParseConvinience.swift */ = {isa = PBXFileReference; fileEncoding = 4; lastKnownFileType = sourcecode.swift; path = ParseConvinience.swift; sourceTree = "<group>"; };
		DD352E6B1D1615B7004CE258 /* AlertView.swift */ = {isa = PBXFileReference; fileEncoding = 4; lastKnownFileType = sourcecode.swift; path = AlertView.swift; sourceTree = "<group>"; };
		DD39B71C1D0BCA8D00659187 /* LocationFinderViewController.swift */ = {isa = PBXFileReference; fileEncoding = 4; lastKnownFileType = sourcecode.swift; path = LocationFinderViewController.swift; sourceTree = "<group>"; };
		DD4809271D20E09900C552D0 /* Reachability.swift */ = {isa = PBXFileReference; fileEncoding = 4; lastKnownFileType = sourcecode.swift; path = Reachability.swift; sourceTree = "<group>"; };
		DD4D43E41CFCD4EE00FB03D4 /* Student.swift */ = {isa = PBXFileReference; fileEncoding = 4; lastKnownFileType = sourcecode.swift; path = Student.swift; sourceTree = "<group>"; };
		DD6588581D15378700682A58 /* ActivityIndicatorOverlay.swift */ = {isa = PBXFileReference; fileEncoding = 4; lastKnownFileType = sourcecode.swift; path = ActivityIndicatorOverlay.swift; sourceTree = "<group>"; };
		DDC8674E1D02821500238CB1 /* ListTableViewController.swift */ = {isa = PBXFileReference; fileEncoding = 4; lastKnownFileType = sourcecode.swift; path = ListTableViewController.swift; sourceTree = "<group>"; };
		DDC867501D02843500238CB1 /* ListCustomCell.swift */ = {isa = PBXFileReference; fileEncoding = 4; lastKnownFileType = sourcecode.swift; path = ListCustomCell.swift; sourceTree = "<group>"; };
		DDEEF2D11D1A3A11007039EC /* UdacityConvinience.swift */ = {isa = PBXFileReference; fileEncoding = 4; lastKnownFileType = sourcecode.swift; path = UdacityConvinience.swift; sourceTree = "<group>"; };
		DDEEF2D31D1A3A21007039EC /* UdacityConstants.swift */ = {isa = PBXFileReference; fileEncoding = 4; lastKnownFileType = sourcecode.swift; path = UdacityConstants.swift; sourceTree = "<group>"; };
		DDEEF2D61D1A4DAF007039EC /* UdacityClient.swift */ = {isa = PBXFileReference; fileEncoding = 4; lastKnownFileType = sourcecode.swift; path = UdacityClient.swift; sourceTree = "<group>"; };
		DDF517E81CF9F87200432297 /* OnTheMap.app */ = {isa = PBXFileReference; explicitFileType = wrapper.application; includeInIndex = 0; path = OnTheMap.app; sourceTree = BUILT_PRODUCTS_DIR; };
		DDF517EB1CF9F87200432297 /* AppDelegate.swift */ = {isa = PBXFileReference; lastKnownFileType = sourcecode.swift; path = AppDelegate.swift; sourceTree = "<group>"; };
		DDF517F01CF9F87200432297 /* Base */ = {isa = PBXFileReference; lastKnownFileType = file.storyboard; name = Base; path = Base.lproj/Main.storyboard; sourceTree = "<group>"; };
		DDF517F21CF9F87200432297 /* Assets.xcassets */ = {isa = PBXFileReference; lastKnownFileType = folder.assetcatalog; path = Assets.xcassets; sourceTree = "<group>"; };
		DDF517F51CF9F87200432297 /* Base */ = {isa = PBXFileReference; lastKnownFileType = file.storyboard; name = Base; path = Base.lproj/LaunchScreen.storyboard; sourceTree = "<group>"; };
		DDF517F71CF9F87200432297 /* Info.plist */ = {isa = PBXFileReference; lastKnownFileType = text.plist.xml; path = Info.plist; sourceTree = "<group>"; };
		DDF517FC1CF9F87200432297 /* OnTheMapTests.xctest */ = {isa = PBXFileReference; explicitFileType = wrapper.cfbundle; includeInIndex = 0; path = OnTheMapTests.xctest; sourceTree = BUILT_PRODUCTS_DIR; };
		DDF518001CF9F87200432297 /* OnTheMapTests.swift */ = {isa = PBXFileReference; lastKnownFileType = sourcecode.swift; path = OnTheMapTests.swift; sourceTree = "<group>"; };
		DDF518021CF9F87200432297 /* Info.plist */ = {isa = PBXFileReference; lastKnownFileType = text.plist.xml; path = Info.plist; sourceTree = "<group>"; };
		DDF518071CF9F87200432297 /* OnTheMapUITests.xctest */ = {isa = PBXFileReference; explicitFileType = wrapper.cfbundle; includeInIndex = 0; path = OnTheMapUITests.xctest; sourceTree = BUILT_PRODUCTS_DIR; };
		DDF5180B1CF9F87200432297 /* OnTheMapUITests.swift */ = {isa = PBXFileReference; lastKnownFileType = sourcecode.swift; path = OnTheMapUITests.swift; sourceTree = "<group>"; };
		DDF5180D1CF9F87200432297 /* Info.plist */ = {isa = PBXFileReference; lastKnownFileType = text.plist.xml; path = Info.plist; sourceTree = "<group>"; };
		DDFDB3B31CFAC43A00E99FC1 /* LoginViewController.swift */ = {isa = PBXFileReference; fileEncoding = 4; lastKnownFileType = sourcecode.swift; path = LoginViewController.swift; sourceTree = "<group>"; };
/* End PBXFileReference section */

/* Begin PBXFrameworksBuildPhase section */
		DDF517E51CF9F87200432297 /* Frameworks */ = {
			isa = PBXFrameworksBuildPhase;
			buildActionMask = 2147483647;
			files = (
			);
			runOnlyForDeploymentPostprocessing = 0;
		};
		DDF517F91CF9F87200432297 /* Frameworks */ = {
			isa = PBXFrameworksBuildPhase;
			buildActionMask = 2147483647;
			files = (
			);
			runOnlyForDeploymentPostprocessing = 0;
		};
		DDF518041CF9F87200432297 /* Frameworks */ = {
			isa = PBXFrameworksBuildPhase;
			buildActionMask = 2147483647;
			files = (
			);
			runOnlyForDeploymentPostprocessing = 0;
		};
/* End PBXFrameworksBuildPhase section */

/* Begin PBXGroup section */
		DD13E6E91D1B1A6E00E686E9 /* Parse */ = {
			isa = PBXGroup;
			children = (
				DD13E6E51D1B187500E686E9 /* ParseClient.swift */,
				DD13E6EA1D1B1F2600E686E9 /* ParseConvinience.swift */,
				DD13E6E71D1B192800E686E9 /* ParseConstants.swift */,
			);
			name = Parse;
			sourceTree = "<group>";
		};
		DD4809291D20E0C400C552D0 /* Utility */ = {
			isa = PBXGroup;
			children = (
				DD4809271D20E09900C552D0 /* Reachability.swift */,
				DD6588581D15378700682A58 /* ActivityIndicatorOverlay.swift */,
				DD352E6B1D1615B7004CE258 /* AlertView.swift */,
			);
			name = Utility;
			path = OnTheMap;
			sourceTree = "<group>";
		};
		DD4D43E31CFCBCBF00FB03D4 /* API */ = {
			isa = PBXGroup;
			children = (
				DD13E6E91D1B1A6E00E686E9 /* Parse */,
				DDEEF2D51D1A3D07007039EC /* Udacity */,
			);
			name = API;
			path = OnTheMap;
			sourceTree = "<group>";
		};
		DD4D43E61CFCE7F800FB03D4 /* Model */ = {
			isa = PBXGroup;
			children = (
				DD0335F91CFC0D2A002F52B2 /* StudentInformation.swift */,
				DD4D43E41CFCD4EE00FB03D4 /* Student.swift */,
			);
			name = Model;
			path = OnTheMap;
			sourceTree = "<group>";
		};
		DDDD3B001CFE8D170022DF9C /* ViewController */ = {
			isa = PBXGroup;
			children = (
				DDFDB3B31CFAC43A00E99FC1 /* LoginViewController.swift */,
				DD0335F71CFBB4E1002F52B2 /* MapViewController.swift */,
				DDC8674E1D02821500238CB1 /* ListTableViewController.swift */,
				DDC867501D02843500238CB1 /* ListCustomCell.swift */,
				DD39B71C1D0BCA8D00659187 /* LocationFinderViewController.swift */,
			);
			name = ViewController;
			path = OnTheMap;
			sourceTree = "<group>";
		};
		DDEEF2D51D1A3D07007039EC /* Udacity */ = {
			isa = PBXGroup;
			children = (
				DDEEF2D61D1A4DAF007039EC /* UdacityClient.swift */,
				DDEEF2D11D1A3A11007039EC /* UdacityConvinience.swift */,
				DDEEF2D31D1A3A21007039EC /* UdacityConstants.swift */,
			);
			name = Udacity;
			sourceTree = "<group>";
		};
		DDF517DF1CF9F87200432297 = {
			isa = PBXGroup;
			children = (
				DD4D43E61CFCE7F800FB03D4 /* Model */,
				DD4D43E31CFCBCBF00FB03D4 /* API */,
				DDDD3B001CFE8D170022DF9C /* ViewController */,
				DD4809291D20E0C400C552D0 /* Utility */,
				DDF517EA1CF9F87200432297 /* OnTheMap */,
				DDF517FF1CF9F87200432297 /* OnTheMapTests */,
				DDF5180A1CF9F87200432297 /* OnTheMapUITests */,
				DDF517E91CF9F87200432297 /* Products */,
			);
			sourceTree = "<group>";
		};
		DDF517E91CF9F87200432297 /* Products */ = {
			isa = PBXGroup;
			children = (
				DDF517E81CF9F87200432297 /* OnTheMap.app */,
				DDF517FC1CF9F87200432297 /* OnTheMapTests.xctest */,
				DDF518071CF9F87200432297 /* OnTheMapUITests.xctest */,
			);
			name = Products;
			sourceTree = "<group>";
		};
		DDF517EA1CF9F87200432297 /* OnTheMap */ = {
			isa = PBXGroup;
			children = (
				DDF517EB1CF9F87200432297 /* AppDelegate.swift */,
				DDF517EF1CF9F87200432297 /* Main.storyboard */,
				DDF517F21CF9F87200432297 /* Assets.xcassets */,
				DDF517F41CF9F87200432297 /* LaunchScreen.storyboard */,
				DDF517F71CF9F87200432297 /* Info.plist */,
			);
			path = OnTheMap;
			sourceTree = "<group>";
		};
		DDF517FF1CF9F87200432297 /* OnTheMapTests */ = {
			isa = PBXGroup;
			children = (
				DDF518001CF9F87200432297 /* OnTheMapTests.swift */,
				DDF518021CF9F87200432297 /* Info.plist */,
			);
			path = OnTheMapTests;
			sourceTree = "<group>";
		};
		DDF5180A1CF9F87200432297 /* OnTheMapUITests */ = {
			isa = PBXGroup;
			children = (
				DDF5180B1CF9F87200432297 /* OnTheMapUITests.swift */,
				DDF5180D1CF9F87200432297 /* Info.plist */,
			);
			path = OnTheMapUITests;
			sourceTree = "<group>";
		};
/* End PBXGroup section */

/* Begin PBXNativeTarget section */
		DDF517E71CF9F87200432297 /* OnTheMap */ = {
			isa = PBXNativeTarget;
			buildConfigurationList = DDF518101CF9F87200432297 /* Build configuration list for PBXNativeTarget "OnTheMap" */;
			buildPhases = (
				DDF517E41CF9F87200432297 /* Sources */,
				DDF517E51CF9F87200432297 /* Frameworks */,
				DDF517E61CF9F87200432297 /* Resources */,
			);
			buildRules = (
			);
			dependencies = (
			);
			name = OnTheMap;
			productName = OnTheMap;
			productReference = DDF517E81CF9F87200432297 /* OnTheMap.app */;
			productType = "com.apple.product-type.application";
		};
		DDF517FB1CF9F87200432297 /* OnTheMapTests */ = {
			isa = PBXNativeTarget;
			buildConfigurationList = DDF518131CF9F87200432297 /* Build configuration list for PBXNativeTarget "OnTheMapTests" */;
			buildPhases = (
				DDF517F81CF9F87200432297 /* Sources */,
				DDF517F91CF9F87200432297 /* Frameworks */,
				DDF517FA1CF9F87200432297 /* Resources */,
			);
			buildRules = (
			);
			dependencies = (
				DDF517FE1CF9F87200432297 /* PBXTargetDependency */,
			);
			name = OnTheMapTests;
			productName = OnTheMapTests;
			productReference = DDF517FC1CF9F87200432297 /* OnTheMapTests.xctest */;
			productType = "com.apple.product-type.bundle.unit-test";
		};
		DDF518061CF9F87200432297 /* OnTheMapUITests */ = {
			isa = PBXNativeTarget;
			buildConfigurationList = DDF518161CF9F87200432297 /* Build configuration list for PBXNativeTarget "OnTheMapUITests" */;
			buildPhases = (
				DDF518031CF9F87200432297 /* Sources */,
				DDF518041CF9F87200432297 /* Frameworks */,
				DDF518051CF9F87200432297 /* Resources */,
			);
			buildRules = (
			);
			dependencies = (
				DDF518091CF9F87200432297 /* PBXTargetDependency */,
			);
			name = OnTheMapUITests;
			productName = OnTheMapUITests;
			productReference = DDF518071CF9F87200432297 /* OnTheMapUITests.xctest */;
			productType = "com.apple.product-type.bundle.ui-testing";
		};
/* End PBXNativeTarget section */

/* Begin PBXProject section */
		DDF517E01CF9F87200432297 /* Project object */ = {
			isa = PBXProject;
			attributes = {
				LastSwiftUpdateCheck = 0730;
				LastUpgradeCheck = 0730;
				ORGANIZATIONNAME = "Ramiro H. Lopez";
				TargetAttributes = {
					DDF517E71CF9F87200432297 = {
						CreatedOnToolsVersion = 7.3.1;
					};
					DDF517FB1CF9F87200432297 = {
						CreatedOnToolsVersion = 7.3.1;
						TestTargetID = DDF517E71CF9F87200432297;
					};
					DDF518061CF9F87200432297 = {
						CreatedOnToolsVersion = 7.3.1;
						TestTargetID = DDF517E71CF9F87200432297;
					};
				};
			};
			buildConfigurationList = DDF517E31CF9F87200432297 /* Build configuration list for PBXProject "OnTheMap" */;
			compatibilityVersion = "Xcode 3.2";
			developmentRegion = English;
			hasScannedForEncodings = 0;
			knownRegions = (
				en,
				Base,
			);
			mainGroup = DDF517DF1CF9F87200432297;
			productRefGroup = DDF517E91CF9F87200432297 /* Products */;
			projectDirPath = "";
			projectRoot = "";
			targets = (
				DDF517E71CF9F87200432297 /* OnTheMap */,
				DDF517FB1CF9F87200432297 /* OnTheMapTests */,
				DDF518061CF9F87200432297 /* OnTheMapUITests */,
			);
		};
/* End PBXProject section */

/* Begin PBXResourcesBuildPhase section */
		DDF517E61CF9F87200432297 /* Resources */ = {
			isa = PBXResourcesBuildPhase;
			buildActionMask = 2147483647;
			files = (
				DDF517F61CF9F87200432297 /* LaunchScreen.storyboard in Resources */,
				DDF517F31CF9F87200432297 /* Assets.xcassets in Resources */,
				DDF517F11CF9F87200432297 /* Main.storyboard in Resources */,
			);
			runOnlyForDeploymentPostprocessing = 0;
		};
		DDF517FA1CF9F87200432297 /* Resources */ = {
			isa = PBXResourcesBuildPhase;
			buildActionMask = 2147483647;
			files = (
			);
			runOnlyForDeploymentPostprocessing = 0;
		};
		DDF518051CF9F87200432297 /* Resources */ = {
			isa = PBXResourcesBuildPhase;
			buildActionMask = 2147483647;
			files = (
			);
			runOnlyForDeploymentPostprocessing = 0;
		};
/* End PBXResourcesBuildPhase section */

/* Begin PBXSourcesBuildPhase section */
		DDF517E41CF9F87200432297 /* Sources */ = {
			isa = PBXSourcesBuildPhase;
			buildActionMask = 2147483647;
			files = (
				DD13E6E81D1B192800E686E9 /* ParseConstants.swift in Sources */,
				DD13E6E61D1B187500E686E9 /* ParseClient.swift in Sources */,
				DDFDB3B41CFAC43A00E99FC1 /* LoginViewController.swift in Sources */,
				DDEEF2D41D1A3A21007039EC /* UdacityConstants.swift in Sources */,
				DDF517EC1CF9F87200432297 /* AppDelegate.swift in Sources */,
				DD0335FA1CFC0D2A002F52B2 /* StudentInformation.swift in Sources */,
				DD4809281D20E09900C552D0 /* Reachability.swift in Sources */,
				DD39B71D1D0BCA8D00659187 /* LocationFinderViewController.swift in Sources */,
				DD13E6EB1D1B1F2600E686E9 /* ParseConvinience.swift in Sources */,
				DDEEF2D71D1A4DAF007039EC /* UdacityClient.swift in Sources */,
				DDC8674F1D02821500238CB1 /* ListTableViewController.swift in Sources */,
				DD6588591D15378700682A58 /* ActivityIndicatorOverlay.swift in Sources */,
				DD352E6C1D1615B7004CE258 /* AlertView.swift in Sources */,
				DD0335F81CFBB4E1002F52B2 /* MapViewController.swift in Sources */,
				DDC867511D02843500238CB1 /* ListCustomCell.swift in Sources */,
				DD4D43E51CFCD4EE00FB03D4 /* Student.swift in Sources */,
				DDEEF2D21D1A3A11007039EC /* UdacityConvinience.swift in Sources */,
			);
			runOnlyForDeploymentPostprocessing = 0;
		};
		DDF517F81CF9F87200432297 /* Sources */ = {
			isa = PBXSourcesBuildPhase;
			buildActionMask = 2147483647;
			files = (
				DDF518011CF9F87200432297 /* OnTheMapTests.swift in Sources */,
			);
			runOnlyForDeploymentPostprocessing = 0;
		};
		DDF518031CF9F87200432297 /* Sources */ = {
			isa = PBXSourcesBuildPhase;
			buildActionMask = 2147483647;
			files = (
				DDF5180C1CF9F87200432297 /* OnTheMapUITests.swift in Sources */,
			);
			runOnlyForDeploymentPostprocessing = 0;
		};
/* End PBXSourcesBuildPhase section */

/* Begin PBXTargetDependency section */
		DDF517FE1CF9F87200432297 /* PBXTargetDependency */ = {
			isa = PBXTargetDependency;
			target = DDF517E71CF9F87200432297 /* OnTheMap */;
			targetProxy = DDF517FD1CF9F87200432297 /* PBXContainerItemProxy */;
		};
		DDF518091CF9F87200432297 /* PBXTargetDependency */ = {
			isa = PBXTargetDependency;
			target = DDF517E71CF9F87200432297 /* OnTheMap */;
			targetProxy = DDF518081CF9F87200432297 /* PBXContainerItemProxy */;
		};
/* End PBXTargetDependency section */

/* Begin PBXVariantGroup section */
		DDF517EF1CF9F87200432297 /* Main.storyboard */ = {
			isa = PBXVariantGroup;
			children = (
				DDF517F01CF9F87200432297 /* Base */,
			);
			name = Main.storyboard;
			sourceTree = "<group>";
		};
		DDF517F41CF9F87200432297 /* LaunchScreen.storyboard */ = {
			isa = PBXVariantGroup;
			children = (
				DDF517F51CF9F87200432297 /* Base */,
			);
			name = LaunchScreen.storyboard;
			sourceTree = "<group>";
		};
/* End PBXVariantGroup section */

/* Begin XCBuildConfiguration section */
		DDF5180E1CF9F87200432297 /* Debug */ = {
			isa = XCBuildConfiguration;
			buildSettings = {
				ALWAYS_SEARCH_USER_PATHS = NO;
				CLANG_ANALYZER_NONNULL = YES;
				CLANG_CXX_LANGUAGE_STANDARD = "gnu++0x";
				CLANG_CXX_LIBRARY = "libc++";
				CLANG_ENABLE_MODULES = YES;
				CLANG_ENABLE_OBJC_ARC = YES;
				CLANG_WARN_BOOL_CONVERSION = YES;
				CLANG_WARN_CONSTANT_CONVERSION = YES;
				CLANG_WARN_DIRECT_OBJC_ISA_USAGE = YES_ERROR;
				CLANG_WARN_EMPTY_BODY = YES;
				CLANG_WARN_ENUM_CONVERSION = YES;
				CLANG_WARN_INT_CONVERSION = YES;
				CLANG_WARN_OBJC_ROOT_CLASS = YES_ERROR;
				CLANG_WARN_UNREACHABLE_CODE = YES;
				CLANG_WARN__DUPLICATE_METHOD_MATCH = YES;
				"CODE_SIGN_IDENTITY[sdk=iphoneos*]" = "iPhone Developer";
				COPY_PHASE_STRIP = NO;
				DEBUG_INFORMATION_FORMAT = dwarf;
				ENABLE_STRICT_OBJC_MSGSEND = YES;
				ENABLE_TESTABILITY = YES;
				GCC_C_LANGUAGE_STANDARD = gnu99;
				GCC_DYNAMIC_NO_PIC = NO;
				GCC_NO_COMMON_BLOCKS = YES;
				GCC_OPTIMIZATION_LEVEL = 0;
				GCC_PREPROCESSOR_DEFINITIONS = (
					"DEBUG=1",
					"$(inherited)",
				);
				GCC_WARN_64_TO_32_BIT_CONVERSION = YES;
				GCC_WARN_ABOUT_RETURN_TYPE = YES_ERROR;
				GCC_WARN_UNDECLARED_SELECTOR = YES;
				GCC_WARN_UNINITIALIZED_AUTOS = YES_AGGRESSIVE;
				GCC_WARN_UNUSED_FUNCTION = YES;
				GCC_WARN_UNUSED_VARIABLE = YES;
				IPHONEOS_DEPLOYMENT_TARGET = 9.3;
				MTL_ENABLE_DEBUG_INFO = YES;
				ONLY_ACTIVE_ARCH = YES;
				SDKROOT = iphoneos;
				SWIFT_OPTIMIZATION_LEVEL = "-Onone";
				TARGETED_DEVICE_FAMILY = "1,2";
			};
			name = Debug;
		};
		DDF5180F1CF9F87200432297 /* Release */ = {
			isa = XCBuildConfiguration;
			buildSettings = {
				ALWAYS_SEARCH_USER_PATHS = NO;
				CLANG_ANALYZER_NONNULL = YES;
				CLANG_CXX_LANGUAGE_STANDARD = "gnu++0x";
				CLANG_CXX_LIBRARY = "libc++";
				CLANG_ENABLE_MODULES = YES;
				CLANG_ENABLE_OBJC_ARC = YES;
				CLANG_WARN_BOOL_CONVERSION = YES;
				CLANG_WARN_CONSTANT_CONVERSION = YES;
				CLANG_WARN_DIRECT_OBJC_ISA_USAGE = YES_ERROR;
				CLANG_WARN_EMPTY_BODY = YES;
				CLANG_WARN_ENUM_CONVERSION = YES;
				CLANG_WARN_INT_CONVERSION = YES;
				CLANG_WARN_OBJC_ROOT_CLASS = YES_ERROR;
				CLANG_WARN_UNREACHABLE_CODE = YES;
				CLANG_WARN__DUPLICATE_METHOD_MATCH = YES;
				"CODE_SIGN_IDENTITY[sdk=iphoneos*]" = "iPhone Developer";
				COPY_PHASE_STRIP = NO;
				DEBUG_INFORMATION_FORMAT = "dwarf-with-dsym";
				ENABLE_NS_ASSERTIONS = NO;
				ENABLE_STRICT_OBJC_MSGSEND = YES;
				GCC_C_LANGUAGE_STANDARD = gnu99;
				GCC_NO_COMMON_BLOCKS = YES;
				GCC_WARN_64_TO_32_BIT_CONVERSION = YES;
				GCC_WARN_ABOUT_RETURN_TYPE = YES_ERROR;
				GCC_WARN_UNDECLARED_SELECTOR = YES;
				GCC_WARN_UNINITIALIZED_AUTOS = YES_AGGRESSIVE;
				GCC_WARN_UNUSED_FUNCTION = YES;
				GCC_WARN_UNUSED_VARIABLE = YES;
				IPHONEOS_DEPLOYMENT_TARGET = 9.3;
				MTL_ENABLE_DEBUG_INFO = NO;
				SDKROOT = iphoneos;
				TARGETED_DEVICE_FAMILY = "1,2";
				VALIDATE_PRODUCT = YES;
			};
			name = Release;
		};
		DDF518111CF9F87200432297 /* Debug */ = {
			isa = XCBuildConfiguration;
			buildSettings = {
				ASSETCATALOG_COMPILER_APPICON_NAME = AppIcon;
				INFOPLIST_FILE = OnTheMap/Info.plist;
				LD_RUNPATH_SEARCH_PATHS = "$(inherited) @executable_path/Frameworks";
				PRODUCT_BUNDLE_IDENTIFIER = RhL.OnTheMap;
				PRODUCT_NAME = "$(TARGET_NAME)";
			};
			name = Debug;
		};
		DDF518121CF9F87200432297 /* Release */ = {
			isa = XCBuildConfiguration;
			buildSettings = {
				ASSETCATALOG_COMPILER_APPICON_NAME = AppIcon;
				INFOPLIST_FILE = OnTheMap/Info.plist;
				LD_RUNPATH_SEARCH_PATHS = "$(inherited) @executable_path/Frameworks";
				PRODUCT_BUNDLE_IDENTIFIER = RhL.OnTheMap;
				PRODUCT_NAME = "$(TARGET_NAME)";
			};
			name = Release;
		};
		DDF518141CF9F87200432297 /* Debug */ = {
			isa = XCBuildConfiguration;
			buildSettings = {
				BUNDLE_LOADER = "$(TEST_HOST)";
				INFOPLIST_FILE = OnTheMapTests/Info.plist;
				LD_RUNPATH_SEARCH_PATHS = "$(inherited) @executable_path/Frameworks @loader_path/Frameworks";
				PRODUCT_BUNDLE_IDENTIFIER = RhL.OnTheMapTests;
				PRODUCT_NAME = "$(TARGET_NAME)";
				TEST_HOST = "$(BUILT_PRODUCTS_DIR)/OnTheMap.app/OnTheMap";
			};
			name = Debug;
		};
		DDF518151CF9F87200432297 /* Release */ = {
			isa = XCBuildConfiguration;
			buildSettings = {
				BUNDLE_LOADER = "$(TEST_HOST)";
				INFOPLIST_FILE = OnTheMapTests/Info.plist;
				LD_RUNPATH_SEARCH_PATHS = "$(inherited) @executable_path/Frameworks @loader_path/Frameworks";
				PRODUCT_BUNDLE_IDENTIFIER = RhL.OnTheMapTests;
				PRODUCT_NAME = "$(TARGET_NAME)";
				TEST_HOST = "$(BUILT_PRODUCTS_DIR)/OnTheMap.app/OnTheMap";
			};
			name = Release;
		};
		DDF518171CF9F87200432297 /* Debug */ = {
			isa = XCBuildConfiguration;
			buildSettings = {
				INFOPLIST_FILE = OnTheMapUITests/Info.plist;
				LD_RUNPATH_SEARCH_PATHS = "$(inherited) @executable_path/Frameworks @loader_path/Frameworks";
				PRODUCT_BUNDLE_IDENTIFIER = RhL.OnTheMapUITests;
				PRODUCT_NAME = "$(TARGET_NAME)";
				TEST_TARGET_NAME = OnTheMap;
			};
			name = Debug;
		};
		DDF518181CF9F87200432297 /* Release */ = {
			isa = XCBuildConfiguration;
			buildSettings = {
				INFOPLIST_FILE = OnTheMapUITests/Info.plist;
				LD_RUNPATH_SEARCH_PATHS = "$(inherited) @executable_path/Frameworks @loader_path/Frameworks";
				PRODUCT_BUNDLE_IDENTIFIER = RhL.OnTheMapUITests;
				PRODUCT_NAME = "$(TARGET_NAME)";
				TEST_TARGET_NAME = OnTheMap;
			};
			name = Release;
		};
/* End XCBuildConfiguration section */

/* Begin XCConfigurationList section */
		DDF517E31CF9F87200432297 /* Build configuration list for PBXProject "OnTheMap" */ = {
			isa = XCConfigurationList;
			buildConfigurations = (
				DDF5180E1CF9F87200432297 /* Debug */,
				DDF5180F1CF9F87200432297 /* Release */,
			);
			defaultConfigurationIsVisible = 0;
			defaultConfigurationName = Release;
		};
		DDF518101CF9F87200432297 /* Build configuration list for PBXNativeTarget "OnTheMap" */ = {
			isa = XCConfigurationList;
			buildConfigurations = (
				DDF518111CF9F87200432297 /* Debug */,
				DDF518121CF9F87200432297 /* Release */,
			);
			defaultConfigurationIsVisible = 0;
			defaultConfigurationName = Release;
		};
		DDF518131CF9F87200432297 /* Build configuration list for PBXNativeTarget "OnTheMapTests" */ = {
			isa = XCConfigurationList;
			buildConfigurations = (
				DDF518141CF9F87200432297 /* Debug */,
				DDF518151CF9F87200432297 /* Release */,
			);
			defaultConfigurationIsVisible = 0;
			defaultConfigurationName = Release;
		};
		DDF518161CF9F87200432297 /* Build configuration list for PBXNativeTarget "OnTheMapUITests" */ = {
			isa = XCConfigurationList;
			buildConfigurations = (
				DDF518171CF9F87200432297 /* Debug */,
				DDF518181CF9F87200432297 /* Release */,
			);
			defaultConfigurationIsVisible = 0;
			defaultConfigurationName = Release;
		};
/* End XCConfigurationList section */
	};
	rootObject = DDF517E01CF9F87200432297 /* Project object */;
}
